
Microsoft Visual Studio Solution File, Format Version 12.00
# Visual Studio Version 16
VisualStudioVersion = 16.0.32901.82
MinimumVisualStudioVersion = 10.0.40219.1
Project("{FAE04EC0-301F-11D3-BF4B-00C04F79EFBC}") = "Calculator.Android", "Calculator\Calculator.Android\Calculator.Android.csproj", "{635EA9E5-86F8-4DFC-9175-DFB041E3C739}"
EndProject
Project("{FAE04EC0-301F-11D3-BF4B-00C04F79EFBC}") = "Calculator.iOS", "Calculator\Calculator.iOS\Calculator.iOS.csproj", "{5185C8A0-324C-4A87-9177-1A514FD87426}"
EndProject
Project("{FAE04EC0-301F-11D3-BF4B-00C04F79EFBC}") = "Calculator", "Calculator\Calculator\Calculator.csproj", "{9BDE99DF-DEDE-43CB-9E57-F853108BE4C5}"
EndProject
Global
	GlobalSection(SolutionConfigurationPlatforms) = preSolution
		Debug|Any CPU = Debug|Any CPU
		Debug|iPhone = Debug|iPhone
		Debug|iPhoneSimulator = Debug|iPhoneSimulator
		Release|Any CPU = Release|Any CPU
		Release|iPhone = Release|iPhone
		Release|iPhoneSimulator = Release|iPhoneSimulator
	EndGlobalSection
	GlobalSection(ProjectConfigurationPlatforms) = postSolution
		{635EA9E5-86F8-4DFC-9175-DFB041E3C739}.Debug|Any CPU.ActiveCfg = Debug|Any CPU
		{635EA9E5-86F8-4DFC-9175-DFB041E3C739}.Debug|Any CPU.Build.0 = Debug|Any CPU
		{635EA9E5-86F8-4DFC-9175-DFB041E3C739}.Debug|Any CPU.Deploy.0 = Debug|Any CPU
		{635EA9E5-86F8-4DFC-9175-DFB041E3C739}.Debug|iPhone.ActiveCfg = Debug|Any CPU
		{635EA9E5-86F8-4DFC-9175-DFB041E3C739}.Debug|iPhone.Build.0 = Debug|Any CPU
		{635EA9E5-86F8-4DFC-9175-DFB041E3C739}.Debug|iPhone.Deploy.0 = Debug|Any CPU
		{635EA9E5-86F8-4DFC-9175-DFB041E3C739}.Debug|iPhoneSimulator.ActiveCfg = Debug|Any CPU
		{635EA9E5-86F8-4DFC-9175-DFB041E3C739}.Debug|iPhoneSimulator.Build.0 = Debug|Any CPU
		{635EA9E5-86F8-4DFC-9175-DFB041E3C739}.Debug|iPhoneSimulator.Deploy.0 = Debug|Any CPU
		{635EA9E5-86F8-4DFC-9175-DFB041E3C739}.Release|Any CPU.ActiveCfg = Release|Any CPU
		{635EA9E5-86F8-4DFC-9175-DFB041E3C739}.Release|Any CPU.Build.0 = Release|Any CPU
		{635EA9E5-86F8-4DFC-9175-DFB041E3C739}.Release|Any CPU.Deploy.0 = Release|Any CPU
		{635EA9E5-86F8-4DFC-9175-DFB041E3C739}.Release|iPhone.ActiveCfg = Release|Any CPU
		{635EA9E5-86F8-4DFC-9175-DFB041E3C739}.Release|iPhone.Build.0 = Release|Any CPU
		{635EA9E5-86F8-4DFC-9175-DFB041E3C739}.Release|iPhone.Deploy.0 = Release|Any CPU
		{635EA9E5-86F8-4DFC-9175-DFB041E3C739}.Release|iPhoneSimulator.ActiveCfg = Release|Any CPU
		{635EA9E5-86F8-4DFC-9175-DFB041E3C739}.Release|iPhoneSimulator.Build.0 = Release|Any CPU
		{635EA9E5-86F8-4DFC-9175-DFB041E3C739}.Release|iPhoneSimulator.Deploy.0 = Release|Any CPU
		{5185C8A0-324C-4A87-9177-1A514FD87426}.Debug|Any CPU.ActiveCfg = Debug|iPhone
		{5185C8A0-324C-4A87-9177-1A514FD87426}.Debug|Any CPU.Build.0 = Debug|iPhone
		{5185C8A0-324C-4A87-9177-1A514FD87426}.Debug|Any CPU.Deploy.0 = Debug|iPhone
		{5185C8A0-324C-4A87-9177-1A514FD87426}.Debug|iPhone.ActiveCfg = Debug|iPhone
		{5185C8A0-324C-4A87-9177-1A514FD87426}.Debug|iPhone.Build.0 = Debug|iPhone
		{5185C8A0-324C-4A87-9177-1A514FD87426}.Debug|iPhone.Deploy.0 = Debug|iPhone
		{5185C8A0-324C-4A87-9177-1A514FD87426}.Debug|iPhoneSimulator.ActiveCfg = Debug|iPhoneSimulator
		{5185C8A0-324C-4A87-9177-1A514FD87426}.Debug|iPhoneSimulator.Build.0 = Debug|iPhoneSimulator
		{5185C8A0-324C-4A87-9177-1A514FD87426}.Debug|iPhoneSimulator.Deploy.0 = Debug|iPhoneSimulator
		{5185C8A0-324C-4A87-9177-1A514FD87426}.Release|Any CPU.ActiveCfg = Release|iPhoneSimulator
		{5185C8A0-324C-4A87-9177-1A514FD87426}.Release|Any CPU.Build.0 = Release|iPhoneSimulator
		{5185C8A0-324C-4A87-9177-1A514FD87426}.Release|Any CPU.Deploy.0 = Release|iPhoneSimulator
		{5185C8A0-324C-4A87-9177-1A514FD87426}.Release|iPhone.ActiveCfg = Release|iPhone
		{5185C8A0-324C-4A87-9177-1A514FD87426}.Release|iPhone.Build.0 = Release|iPhone
		{5185C8A0-324C-4A87-9177-1A514FD87426}.Release|iPhone.Deploy.0 = Release|iPhone
		{5185C8A0-324C-4A87-9177-1A514FD87426}.Release|iPhoneSimulator.ActiveCfg = Release|iPhoneSimulator
		{5185C8A0-324C-4A87-9177-1A514FD87426}.Release|iPhoneSimulator.Build.0 = Release|iPhoneSimulator
		{5185C8A0-324C-4A87-9177-1A514FD87426}.Release|iPhoneSimulator.Deploy.0 = Release|iPhoneSimulator
		{9BDE99DF-DEDE-43CB-9E57-F853108BE4C5}.Debug|Any CPU.ActiveCfg = Debug|Any CPU
		{9BDE99DF-DEDE-43CB-9E57-F853108BE4C5}.Debug|Any CPU.Build.0 = Debug|Any CPU
		{9BDE99DF-DEDE-43CB-9E57-F853108BE4C5}.Debug|Any CPU.Deploy.0 = Debug|Any CPU
		{9BDE99DF-DEDE-43CB-9E57-F853108BE4C5}.Debug|iPhone.ActiveCfg = Debug|Any CPU
		{9BDE99DF-DEDE-43CB-9E57-F853108BE4C5}.Debug|iPhone.Build.0 = Debug|Any CPU
		{9BDE99DF-DEDE-43CB-9E57-F853108BE4C5}.Debug|iPhone.Deploy.0 = Debug|Any CPU
		{9BDE99DF-DEDE-43CB-9E57-F853108BE4C5}.Debug|iPhoneSimulator.ActiveCfg = Debug|Any CPU
		{9BDE99DF-DEDE-43CB-9E57-F853108BE4C5}.Debug|iPhoneSimulator.Build.0 = Debug|Any CPU
		{9BDE99DF-DEDE-43CB-9E57-F853108BE4C5}.Debug|iPhoneSimulator.Deploy.0 = Debug|Any CPU
		{9BDE99DF-DEDE-43CB-9E57-F853108BE4C5}.Release|Any CPU.ActiveCfg = Release|Any CPU
		{9BDE99DF-DEDE-43CB-9E57-F853108BE4C5}.Release|Any CPU.Build.0 = Release|Any CPU
		{9BDE99DF-DEDE-43CB-9E57-F853108BE4C5}.Release|Any CPU.Deploy.0 = Release|Any CPU
		{9BDE99DF-DEDE-43CB-9E57-F853108BE4C5}.Release|iPhone.ActiveCfg = Release|Any CPU
		{9BDE99DF-DEDE-43CB-9E57-F853108BE4C5}.Release|iPhone.Build.0 = Release|Any CPU
		{9BDE99DF-DEDE-43CB-9E57-F853108BE4C5}.Release|iPhone.Deploy.0 = Release|Any CPU
		{9BDE99DF-DEDE-43CB-9E57-F853108BE4C5}.Release|iPhoneSimulator.ActiveCfg = Release|Any CPU
		{9BDE99DF-DEDE-43CB-9E57-F853108BE4C5}.Release|iPhoneSimulator.Build.0 = Release|Any CPU
		{9BDE99DF-DEDE-43CB-9E57-F853108BE4C5}.Release|iPhoneSimulator.Deploy.0 = Release|Any CPU
	EndGlobalSection
	GlobalSection(SolutionProperties) = preSolution
		HideSolutionNode = FALSE
	EndGlobalSection
	GlobalSection(ExtensibilityGlobals) = postSolution
		SolutionGuid = {BA160D63-9336-4C07-9F5B-9C7F8C64A2E3}
	EndGlobalSection
EndGlobal
